github.com/aws-cloudformation/rain v1.21.0 h1:VcMthCM/UFojCngAgF3tkbyuG+gP98PN8b53py688Mo=
github.com/aws-cloudformation/rain v1.21.0/go.mod h1:je+IG7S/xX8uA07eJB4mvOc+3dyaWCzb/UMsY7NRHYo=
github.com/aws/aws-lambda-go v1.47.0 h1:0H8s0vumYx/YKs4sE7YM0ktwL2eWse+kfopsRI1sXVI=
github.com/aws/aws-lambda-go v1.47.0/go.mod h1:dpMpZgvWx5vuQJfBt0zqBha60q7Dd7RfgJv23DymV8A=
github.com/aws/aws-sdk-go-v2 v1.32.8 h1:cZV+NUS/eGxKXMtmyhtYPJ7Z4YLoI/V8bkTdRZfYhGo=
github.com/aws/aws-sdk-go-v2 v1.32.8/go.mod h1:P5WJBrYqqbWVaOxgH0X/FYYD47/nooaPOZPlQdmiN2U=
github.com/aws/aws-sdk-go-v2/config v1.28.11 h1:7Ekru0IkRHRnSRWGQLnLN6i0o1Jncd0rHo2T130+tEQ=
github.com/aws/aws-sdk-go-v2/config v1.28.11/go.mod h1:x78TpPvBfHH16hi5tE3OCWQ0pzNfyXA349p5/Wp82Yo=
github.com/aws/aws-sdk-go-v2/credentials v1.17.52 h1:I4ymSk35LHogx2Re2Wu6LOHNTRaRWkLVoJgWS5Wd40M=
github.com/aws/aws-sdk-go-v2/credentials v1.17.52/go.mod h1:vAkqKbMNUcher8fDXP2Ge2qFXKMkcD74qvk1lJRMemM=
github.com/aws/aws-sdk-go-v2/feature/ec2/imds v1.16.23 h1:IBAoD/1d8A8/1aA8g4MBVtTRHhXRiNAgwdbo/xRM2DI=
github.com/aws/aws-sdk-go-v2/feature/ec2/imds v1.16.23/go.mod h1:vfENuCM7dofkgKpYzuzf1VT1UKkA/YL3qanfBn7HCaA=
github.com/aws/aws-sdk-go-v2/internal/configsources v1.3.27 h1:jSJjSBzw8VDIbWv+mmvBSP8ezsztMYJGH+eKqi9AmNs=
github.com/aws/aws-sdk-go-v2/internal/configsources v1.3.27/go.mod h1:/DAhLbFRgwhmvJdOfSm+WwikZrCuUJiA4WgJG0fTNSw=
github.com/aws/aws-sdk-go-v2/internal/endpoints/v2 v2.6.27 h1:l+X4K77Dui85pIj5foXDhPlnqcNRG2QUyvca300lXh8=
github.com/aws/aws-sdk-go-v2/internal/endpoints/v2 v2.6.27/go.mod h1:KvZXSFEXm6x84yE8qffKvT3x8J5clWnVFXphpohhzJ8=
github.com/aws/aws-sdk-go-v2/internal/ini v1.8.1 h1:VaRN3TlFdd6KxX1x3ILT5ynH6HvKgqdiXoTxAF4HQcQ=
github.com/aws/aws-sdk-go-v2/internal/ini v1.8.1/go.mod h1:FbtygfRFze9usAadmnGJNc8KsP346kEe+y2/oyhGAGc=
github.com/aws/aws-sdk-go-v2/service/dynamodb v1.39.3 h1:gZ5KNaw6OKL+Z+5wIuONGiSLfvYtBjn/AG7EG7hJEJg=
github.com/aws/aws-sdk-go-v2/service/dynamodb v1.39.3/go.mod h1:516U/KQM3zdcahNBjHUZKGWNfNnIYyt7sxLeqOx78b0=
github.com/aws/aws-sdk-go-v2/service/internal/accept-encoding v1.12.1 h1:iXtILhvDxB6kPvEXgsDhGaZCSC6LQET5ZHSdJozeI0Y=
github.com/aws/aws-sdk-go-v2/service/internal/accept-encoding v1.12.1/go.mod h1:9nu0fVANtYiAePIBh2/pFUSwtJ402hLnp854CNoDOeE=
github.com/aws/aws-sdk-go-v2/service/internal/endpoint-discovery v1.10.8 h1:h56mLNgpqWIL7RZOIQO634Xr569bXGTlIE83t/a0LSE=
github.com/aws/aws-sdk-go-v2/service/internal/endpoint-discovery v1.10.8/go.mod h1:kK04550Xx95KI0sNmwoB7ciS9QkRwt9TojhoTMXyJdo=
github.com/aws/aws-sdk-go-v2/service/internal/presigned-url v1.12.8 h1:cWno7lefSH6Pp+mSznagKCgfDGeZRin66UvYUqAkyeA=
github.com/aws/aws-sdk-go-v2/service/internal/presigned-url v1.12.8/go.mod h1:tPD+VjU3ABTBoEJ3nctu5Nyg4P4yjqSH5bJGGkY4+XE=
github.com/aws/aws-sdk-go-v2/service/sso v1.24.9 h1:YqtxripbjWb2QLyzRK9pByfEDvgg95gpC2AyDq4hFE8=
github.com/aws/aws-sdk-go-v2/service/sso v1.24.9/go.mod h1:lV8iQpg6OLOfBnqbGMBKYjilBlf633qwHnBEiMSPoHY=
github.com/aws/aws-sdk-go-v2/service/ssooidc v1.28.8 h1:6dBT1Lz8fK11m22R+AqfRsFn8320K0T5DTGxxOQBSMw=
github.com/aws/aws-sdk-go-v2/service/ssooidc v1.28.8/go.mod h1:/kiBvRQXBc6xeJTYzhSdGvJ5vm1tjaDEjH+MSeRJnlY=
github.com/aws/aws-sdk-go-v2/service/sts v1.33.7 h1:qwGa9MA8G7mBq2YphHFaygdPe5t9OA7SvaJdwWTlEds=
github.com/aws/aws-sdk-go-v2/service/sts v1.33.7/go.mod h1:+8h7PZb3yY5ftmVLD7ocEoE98hdc8PoKS0H3wfx1dlc=
github.com/aws/smithy-go v1.22.1 h1:/HPHZQ0g7f4eUeK6HKglFz8uwVfZKgoI25rb/J+dnro=
github.com/aws/smithy-go v1.22.1/go.mod h1:irrKGvNn1InZwb2d7fkIRNucdfwR8R+Ts3wxYa/cJHg=
github.com/davecgh/go-spew v1.1.0/go.mod h1:J7Y8YcW2NihsgmVo/mv3lAwl/skON4iLHjSsI+c5H38=
github.com/davecgh/go-spew v1.1.1 h1:vj9j/u1bqnvCEfJOwUhtlOARqs3+rkHYY13jYWTU97c=
github.com/davecgh/go-spew v1.1.1/go.mod h1:J7Y8YcW2NihsgmVo/mv3lAwl/skON4iLHjSsI+c5H38=
github.com/decred/dcrd/dcrec/secp256k1/v4 v4.3.0 h1:rpfIENRNNilwHwZeG5+P150SMrnNEcHYvcCuK6dPZSg=
github.com/decred/dcrd/dcrec/secp256k1/v4 v4.3.0/go.mod h1:v57UDF4pDQJcEfFUCRop3lJL149eHGSe9Jvczhzjo/0=
github.com/goccy/go-json v0.10.4 h1:JSwxQzIqKfmFX1swYPpUThQZp/Ka4wzJdK0LWVytLPM=
github.com/goccy/go-json v0.10.4/go.mod h1:oq7eo15ShAhp70Anwd5lgX2pLfOS3QCiwU/PULtXL6M=
github.com/jmespath/go-jmespath v0.4.0 h1:BEgLn5cpjn8UN1mAw4NjwDrS35OdebyEtFe+9YPoQUg=
github.com/jmespath/go-jmespath v0.4.0/go.mod h1:T8mJZnbsbmF+m6zOOFylbeCJqk5+pHWvzYPziyZiYoo=
github.com/jmespath/go-jmespath/internal/testify v1.5.1 h1:shLQSRRSCCPj3f2gpwzGwWFoC7ycTf1rcQZHOlsJ6N8=
github.com/jmespath/go-jmespath/internal/testify v1.5.1/go.mod h1:L3OGu8Wl2/fWfCI6z80xFu9LTZmf1ZRjMHUOPmWr69U=
github.com/lestrrat-go/blackmagic v1.0.2 h1:Cg2gVSc9h7sz9NOByczrbUvLopQmXrfFx//N+AkAr5k=
github.com/lestrrat-go/blackmagic v1.0.2/go.mod h1:UrEqBzIR2U6CnzVyUtfM6oZNMt/7O7Vohk2J0OGSAtU=
github.com/lestrrat-go/httpcc v1.0.1 h1:ydWCStUeJLkpYyjLDHihupbn2tYmZ7m22BGkcvZZrIE=
github.com/lestrrat-go/httpcc v1.0.1/go.mod h1:qiltp3Mt56+55GPVCbTdM9MlqhvzyuL6W/NMDA8vA5E=
github.com/lestrrat-go/httprc v1.0.6 h1:qgmgIRhpvBqexMJjA/PmwSvhNk679oqD1RbovdCGW8k=
github.com/lestrrat-go/httprc v1.0.6/go.mod h1:mwwz3JMTPBjHUkkDv/IGJ39aALInZLrhBp0X7KGUZlo=
github.com/lestrrat-go/iter v1.0.2 h1:gMXo1q4c2pHmC3dn8LzRhJfP1ceCbgSiT9lUydIzltI=
github.com/lestrrat-go/iter v1.0.2/go.mod h1:Momfcq3AnRlRjI5b5O8/G5/BvpzrhoFTZcn06fEOPt4=
github.com/lestrrat-go/jwx/v2 v2.1.3 h1:Ud4lb2QuxRClYAmRleF50KrbKIoM1TddXgBrneT5/Jo=
github.com/lestrrat-go/jwx/v2 v2.1.3/go.mod h1:q6uFgbgZfEmQrfJfrCo90QcQOcXFMfbI/fO0NqRtvZo=
github.com/lestrrat-go/option v1.0.1 h1:oAzP2fvZGQKWkvHa1/SAcFolBEca1oN+mQ7eooNBEYU=
github.com/lestrrat-go/option v1.0.1/go.mod h1:5ZHFbivi4xwXxhxY9XHDe2FHo6/Z7WWmtT7T5nBBp3I=
github.com/pmezard/go-difflib v1.0.0 h1:4DBwDE0NGyQoBHbLQYPwSUPoCMWR5BEzIk/f1lZbAQM=
github.com/pmezard/go-difflib v1.0.0/go.mod h1:iKH77koFhYxTK1pcRnkKkqfTogsbg7gZNVY4sRDYZ/4=
github.com/segmentio/asm v1.2.0 h1:9BQrFxC+YOHJlTlHGkTrFWf59nbL3XnCoFLTwDCI7ys=
github.com/segmentio/asm v1.2.0/go.mod h1:BqMnlJP91P8d+4ibuonYZw9mfnzI9HfxselHZr5aAcs=
github.com/stretchr/objx v0.1.0/go.mod h1:HFkY916IF+rwdDfMAkV7OtwuqBVzrE8GR6GFx+wExME=
github.com/stretchr/testify v1.6.1/go.mod h1:6Fq8oRcR53rry900zMqJjRRixrwX3KX962/h/Wwjteg=
github.com/stretchr/testify v1.7.1/go.mod h1:6Fq8oRcR53rry900zMqJjRRixrwX3KX962/h/Wwjteg=
github.com/stretchr/testify v1.10.0 h1:Xv5erBjTwe/5IxqUQTdXv5kgmIvbHo3QQyRwhJsOfJA=
github.com/stretchr/testify v1.10.0/go.mod h1:r2ic/lqez/lEtzL7wO/rwa5dbSLXVDPFyf8C91i36aY=
golang.org/x/crypto v0.32.0 h1:euUpcYgM8WcP71gNpTqQCn6rC2t6ULUPiOzfWaXVVfc=
golang.org/x/crypto v0.32.0/go.mod h1:ZnnJkOaASj8g0AjIduWNlq2NRxL0PlBrbKVyZ6V/Ugc=
golang.org/x/sys v0.29.0 h1:TPYlXGxvx1MGTn2GiZDhnjPA9wZzZeGKHHmKhHYvgaU=
golang.org/x/sys v0.29.0/go.mod h1:/VUhepiaJMQUp4+oa/7Zr1D23ma6VTLIYjOOTFZPUcA=
gopkg.in/check.v1 v0.0.0-20161208181325-20d25e280405/go.mod h1:Co6ibVJAznAaIkqp8huTwlJQCZ016jof/cbN4VW5Yz0=
gopkg.in/yaml.v2 v2.2.8/go.mod h1:hI93XBmqTisBFMUTm0b8Fm+jr3Dg1NNxqwp+5A1VGuI=
gopkg.in/yaml.v2 v2.4.0 h1:D8xgwECY7CYvx+Y2n4sBz93Jn9JRvxdiyyo8CTfuKaY=
gopkg.in/yaml.v2 v2.4.0/go.mod h1:RDklbk79AGWmwhnvt/jBztapEOGDOx6ZbXqjP6csGnQ=
gopkg.in/yaml.v3 v3.0.0-20200313102051-9f266ea9e77c/go.mod h1:K4uyk7z7BCEPqu6E+C64Yfv1cQ7kz7rIZviUmN+EgEM=
gopkg.in/yaml.v3 v3.0.1 h1:fxVm/GzAzEWqLHuvctI91KS9hhNmmWOoWu0XTYJS7CA=
gopkg.in/yaml.v3 v3.0.1/go.mod h1:K4uyk7z7BCEPqu6E+C64Yfv1cQ7kz7rIZviUmN+EgEM=
